{
  "nodes": {
    "caelestia-cli": {
      "inputs": {
        "caelestia-shell": "caelestia-shell",
        "nixpkgs": [
          "nixpkgs"
        ]
      },
      "locked": {
        "lastModified": 1761530730,
        "narHash": "sha256-XA4qbXyaOL1pfHI1id8uM6holXkfo+nttlos1F05QgM=",
        "owner": "caelestia-dots",
        "repo": "cli",
        "rev": "a8590220bb4fb569f211ea4f8093063482a76f83",
        "type": "github"
      },
      "original": {
        "owner": "caelestia-dots",
        "repo": "cli",
        "type": "github"
      }
    },
    "caelestia-cli_2": {
      "inputs": {
        "caelestia-shell": [
          "caelestia-shell"
        ],
        "nixpkgs": [
          "caelestia-shell",
          "nixpkgs"
        ]
      },
      "locked": {
        "lastModified": 1761392494,
        "narHash": "sha256-Xabw0gwVYKY158DyhNlKopAhjAw54wu7Ws0SmVVrjVA=",
        "owner": "caelestia-dots",
        "repo": "cli",
        "rev": "cc458bf8598c0beab27b5dc4331b0cf2ee654165",
        "type": "github"
      },
      "original": {
        "owner": "caelestia-dots",
        "repo": "cli",
        "type": "github"
      }
    },
    "caelestia-shell": {
      "inputs": {
        "caelestia-cli": [
          "caelestia-cli"
        ],
        "nixpkgs": [
          "caelestia-cli",
          "nixpkgs"
        ],
        "quickshell": "quickshell"
      },
      "locked": {
        "lastModified": 1761441765,
        "narHash": "sha256-Y7JEdMOz3DKQTCm0KZLjg0AQATlUpnHtyJCyxNTEYXo=",
        "owner": "caelestia-dots",
        "repo": "shell",
        "rev": "210e0b6a682e1f09a1604b37050edf25f60ac8fe",
        "type": "github"
      },
      "original": {
        "owner": "caelestia-dots",
        "repo": "shell",
        "type": "github"
      }
    },
    "caelestia-shell_2": {
      "inputs": {
        "caelestia-cli": "caelestia-cli_2",
        "nixpkgs": [
          "nixpkgs"
        ],
        "quickshell": "quickshell_2"
      },
      "locked": {
        "lastModified": 1761441765,
        "narHash": "sha256-Y7JEdMOz3DKQTCm0KZLjg0AQATlUpnHtyJCyxNTEYXo=",
        "owner": "caelestia-dots",
        "repo": "shell",
        "rev": "210e0b6a682e1f09a1604b37050edf25f60ac8fe",
        "type": "github"
      },
      "original": {
        "owner": "caelestia-dots",
        "repo": "shell",
        "type": "github"
      }
    },
    "home-manager": {
      "inputs": {
        "nixpkgs": [
          "nixpkgs"
        ]
      },
      "locked": {
        "lastModified": 1761530345,
        "narHash": "sha256-+9+YCK9Lh6GThkXu/8JTxMFUnImIdZpb8ElUh6/F5Y8=",
        "owner": "nix-community",
        "repo": "home-manager",
        "rev": "bbaeb9f1c29e79bb1653b32c3d73244cdf4bd888",
        "type": "github"
      },
      "original": {
        "owner": "nix-community",
        "repo": "home-manager",
        "type": "github"
      }
    },
    "home-manager_2": {
      "inputs": {
        "nixpkgs": [
          "zen-browser",
          "nixpkgs"
        ]
      },
      "locked": {
        "lastModified": 1752603129,
        "narHash": "sha256-S+wmHhwNQ5Ru689L2Gu8n1OD6s9eU9n9mD827JNR+kw=",
        "owner": "nix-community",
        "repo": "home-manager",
        "rev": "e8c19a3cec2814c754f031ab3ae7316b64da085b",
        "type": "github"
      },
      "original": {
        "owner": "nix-community",
        "repo": "home-manager",
        "type": "github"
      }
    },
    "nixpkgs": {
      "locked": {
        "lastModified": 1761373498,
        "narHash": "sha256-Q/uhWNvd7V7k1H1ZPMy/vkx3F8C13ZcdrKjO7Jv7v0c=",
        "owner": "NixOS",
        "repo": "nixpkgs",
        "rev": "6a08e6bb4e46ff7fcbb53d409b253f6bad8a28ce",
        "type": "github"
      },
      "original": {
        "owner": "NixOS",
        "ref": "nixos-unstable",
        "repo": "nixpkgs",
        "type": "github"
      }
    },
    "quickshell": {
      "inputs": {
        "nixpkgs": [
          "caelestia-cli",
          "caelestia-shell",
          "nixpkgs"
        ]
      },
      "locked": {
        "lastModified": 1760822546,
        "narHash": "sha256-cy3wJQQzQbZ/EYUfTDuMiP/haPOjkqGgWOPPl7K9oiM=",
        "ref": "refs/heads/master",
        "rev": "3e2ce40b18af943f9ba370ed73565e9f487663ef",
        "revCount": 697,
        "type": "git",
        "url": "https://git.outfoxxed.me/outfoxxed/quickshell"
      },
      "original": {
        "type": "git",
        "url": "https://git.outfoxxed.me/outfoxxed/quickshell"
      }
    },
    "quickshell_2": {
      "inputs": {
        "nixpkgs": [
          "caelestia-shell",
          "nixpkgs"
        ]
      },
      "locked": {
        "lastModified": 1760822546,
        "narHash": "sha256-cy3wJQQzQbZ/EYUfTDuMiP/haPOjkqGgWOPPl7K9oiM=",
        "ref": "refs/heads/master",
        "rev": "3e2ce40b18af943f9ba370ed73565e9f487663ef",
        "revCount": 697,
        "type": "git",
        "url": "https://git.outfoxxed.me/outfoxxed/quickshell"
      },
      "original": {
        "type": "git",
        "url": "https://git.outfoxxed.me/outfoxxed/quickshell"
      }
    },
    "root": {
      "inputs": {
        "caelestia-cli": "caelestia-cli",
        "caelestia-shell": "caelestia-shell_2",
        "home-manager": "home-manager",
        "nixpkgs": "nixpkgs",
        "zen-browser": "zen-browser"
      }
    },
    "zen-browser": {
      "inputs": {
        "home-manager": "home-manager_2",
        "nixpkgs": [
          "nixpkgs"
        ]
      },
      "locked": {
        "lastModified": 1761535208,
        "narHash": "sha256-E1PobJMiFmVUX2YdqYk/MpKb0LXavOYvlg8DCBBzlHc=",
        "owner": "0xc000022070",
        "repo": "zen-browser-flake",
        "rev": "79a94872a3e6993a051c4e22a2dcb02c1d088acf",
        "type": "github"
      },
      "original": {
        "owner": "0xc000022070",
        "repo": "zen-browser-flake",
        "type": "github"
      }
    }
  },
  "root": "root",
  "version": 7
}
