{
  "nodes": {
    "caelestia-cli": {
      "inputs": {
        "caelestia-shell": [
          "caelestia-shell"
        ],
        "nixpkgs": [
          "nixpkgs"
        ]
      },
      "locked": {
        "lastModified": 1768270106,
        "narHash": "sha256-mGX+x1fgC++e5WhlD3Y2xs6VusMu5z6WHac8b+FmZpk=",
        "owner": "hmcln",
        "repo": "cli",
        "rev": "7900d054595ce941e9854a66649d25bee15b8134",
        "type": "github"
      },
      "original": {
        "owner": "hmcln",
        "repo": "cli",
        "type": "github"
      }
    },
    "caelestia-cli_2": {
      "inputs": {
        "caelestia-shell": [
          "caelestia-shell"
        ],
        "nixpkgs": [
          "caelestia-shell",
          "nixpkgs"
        ]
      },
      "locked": {
        "lastModified": 1768010798,
        "narHash": "sha256-CmEy/t3CCDnUvn594sXtv0vRxt1JQaqj0nGdtQFU3mA=",
        "owner": "caelestia-dots",
        "repo": "cli",
        "rev": "70a8624eacfc1b90fe248aef722ae708e775a927",
        "type": "github"
      },
      "original": {
        "owner": "caelestia-dots",
        "repo": "cli",
        "type": "github"
      }
    },
    "caelestia-shell": {
      "inputs": {
        "caelestia-cli": "caelestia-cli_2",
        "nixpkgs": [
          "nixpkgs"
        ],
        "quickshell": "quickshell"
      },
      "locked": {
        "lastModified": 1768344365,
        "narHash": "sha256-cvIDufnUTf0FMPlhcMA/SRynU/a50NdzNavUMRHiYvk=",
        "owner": "hmcln",
        "repo": "shell",
        "rev": "28192de6bf30b584da773022a10bf5a6517319ad",
        "type": "github"
      },
      "original": {
        "owner": "hmcln",
        "repo": "shell",
        "type": "github"
      }
    },
    "home-manager": {
      "inputs": {
        "nixpkgs": [
          "nixpkgs"
        ]
      },
      "locked": {
        "lastModified": 1768325819,
        "narHash": "sha256-mBKqOJkxCRwEhIXfq93WTcDXsBlJ/f1Dfv9thJxrDPs=",
        "owner": "nix-community",
        "repo": "home-manager",
        "rev": "b1fa714d6cd656e3105d1965637be6ab7541d7d7",
        "type": "github"
      },
      "original": {
        "owner": "nix-community",
        "repo": "home-manager",
        "type": "github"
      }
    },
    "nixpkgs": {
      "locked": {
        "lastModified": 1768127708,
        "narHash": "sha256-1Sm77VfZh3mU0F5OqKABNLWxOuDeHIlcFjsXeeiPazs=",
        "owner": "NixOS",
        "repo": "nixpkgs",
        "rev": "ffbc9f8cbaacfb331b6017d5a5abb21a492c9a38",
        "type": "github"
      },
      "original": {
        "owner": "NixOS",
        "ref": "nixos-unstable",
        "repo": "nixpkgs",
        "type": "github"
      }
    },
    "quickshell": {
      "inputs": {
        "nixpkgs": [
          "caelestia-shell",
          "nixpkgs"
        ]
      },
      "locked": {
        "lastModified": 1768080170,
        "narHash": "sha256-HYKRNShQe5YnnxLazQajB9JkAPGpVcUt9jQ3KwilITQ=",
        "ref": "refs/heads/master",
        "rev": "bcc3d4265e8b3ed2b17b801923905b60a3927823",
        "revCount": 722,
        "type": "git",
        "url": "https://git.outfoxxed.me/outfoxxed/quickshell"
      },
      "original": {
        "type": "git",
        "url": "https://git.outfoxxed.me/outfoxxed/quickshell"
      }
    },
    "root": {
      "inputs": {
        "caelestia-cli": "caelestia-cli",
        "caelestia-shell": "caelestia-shell",
        "home-manager": "home-manager",
        "nixpkgs": "nixpkgs"
      }
    }
  },
  "root": "root",
  "version": 7
}
